github.com/cbot918/liby v1.2.2 h1:WoJvJlqCv+LYIrXcywHvfkl4tmNwRnv8jkrcbgrV8u4=
github.com/cbot918/liby v1.2.2/go.mod h1:pPBUzSUhSIzOnPLWVQw7xwRHF1sm21fkPiWdnvsD2Kg=
github.com/golang-jwt/jwt v3.2.2+incompatible h1:IfV12K8xAKAnZqdXVzCZ+TOjboZ2keLg81eXfW3O+oY=
github.com/golang-jwt/jwt v3.2.2+incompatible/go.mod h1:8pz2t5EyA70fFQQSrl6XZXzqecmYZeUEB8OUGHkxJ+I=
